
Microsoft Visual Studio Solution File, Format Version 12.00
# Visual Studio 14
VisualStudioVersion = 14.0.25420.1
MinimumVisualStudioVersion = 10.0.40219.1
Project("{2150E333-8FDC-42A3-9474-1A3956D46DE8}") = "src", "src", "{853880EC-CFC3-4A23-960D-293EA847EFBA}"
EndProject
Project("{2150E333-8FDC-42A3-9474-1A3956D46DE8}") = "Solution Items", "Solution Items", "{65527620-5DCC-4BD5-9D5E-E00E34858168}"
	ProjectSection(SolutionItems) = preProject
		global.json = global.json
	EndProjectSection
EndProject
Project("{8BB2217D-0F2D-49D1-97BC-3654ED321F3B}") = "NSSLServer", "src\NSSLServer\NSSLServer.xproj", "{88212EBE-0A4A-4B2D-B83A-472658CF58F0}"
EndProject
Project("{8BB2217D-0F2D-49D1-97BC-3654ED321F3B}") = "Shared", "..\..\Xamarin\ConsoleServer\Shared\Shared.xproj", "{A768287F-16AA-4541-8059-1B4FEA3A9A89}"
EndProject
Global
	GlobalSection(SolutionConfigurationPlatforms) = preSolution
		Debug|Any CPU = Debug|Any CPU
		Release|Any CPU = Release|Any CPU
	EndGlobalSection
	GlobalSection(ProjectConfigurationPlatforms) = postSolution
		{88212EBE-0A4A-4B2D-B83A-472658CF58F0}.Debug|Any CPU.ActiveCfg = Debug|Any CPU
		{88212EBE-0A4A-4B2D-B83A-472658CF58F0}.Debug|Any CPU.Build.0 = Debug|Any CPU
		{88212EBE-0A4A-4B2D-B83A-472658CF58F0}.Release|Any CPU.ActiveCfg = Release|Any CPU
		{88212EBE-0A4A-4B2D-B83A-472658CF58F0}.Release|Any CPU.Build.0 = Release|Any CPU
		{A768287F-16AA-4541-8059-1B4FEA3A9A89}.Debug|Any CPU.ActiveCfg = Debug|Any CPU
		{A768287F-16AA-4541-8059-1B4FEA3A9A89}.Debug|Any CPU.Build.0 = Debug|Any CPU
		{A768287F-16AA-4541-8059-1B4FEA3A9A89}.Release|Any CPU.ActiveCfg = Release|Any CPU
		{A768287F-16AA-4541-8059-1B4FEA3A9A89}.Release|Any CPU.Build.0 = Release|Any CPU
	EndGlobalSection
	GlobalSection(SolutionProperties) = preSolution
		HideSolutionNode = FALSE
	EndGlobalSection
	GlobalSection(NestedProjects) = preSolution
		{88212EBE-0A4A-4B2D-B83A-472658CF58F0} = {853880EC-CFC3-4A23-960D-293EA847EFBA}
	EndGlobalSection
EndGlobal
