
Microsoft Visual Studio Solution File, Format Version 12.00
# Visual Studio Version 17
VisualStudioVersion = 17.3.32611.2
MinimumVisualStudioVersion = 10.0.40219.1
Project("{2150E333-8FDC-42A3-9474-1A3956D46DE8}") = "Solution Items", "Solution Items", "{65527620-5DCC-4BD5-9D5E-E00E34858168}"
	ProjectSection(SolutionItems) = preProject
		.editorconfig = .editorconfig
	EndProjectSection
EndProject
Project("{9A19103F-16F7-4668-BE54-9A1E7A4F7556}") = "NSSLServer.Runtime", "NSSLServer\NSSLServer.Runtime.csproj", "{492180CB-E065-4E9B-A7CD-9B6CA3BA1FA4}"
EndProject
Project("{9A19103F-16F7-4668-BE54-9A1E7A4F7556}") = "NSSLServer.Shared", "NSSLServer.Shared\NSSLServer.Shared.csproj", "{4D8CBDAA-C18B-4700-B6FC-ABDC1E4D423B}"
EndProject
Project("{9A19103F-16F7-4668-BE54-9A1E7A4F7556}") = "NSSLServer.Core", "NSSLServer.Core\NSSLServer.Core.csproj", "{C8E63A3C-124F-428E-896D-D8BE6F57A88F}"
EndProject
Project("{9A19103F-16F7-4668-BE54-9A1E7A4F7556}") = "NSSLServer.Database", "NSSLServer.Database\NSSLServer.Database.csproj", "{7AA6E090-4F12-46AD-AC31-F39C3E8C6958}"
EndProject
Project("{9A19103F-16F7-4668-BE54-9A1E7A4F7556}") = "NSSLServer.Plugin.Example", "NSSLServer.Plugin.Example\NSSLServer.Plugin.Example.csproj", "{A7C017B3-CE45-45FB-B4E0-150776F242AE}"
EndProject
Project("{9A19103F-16F7-4668-BE54-9A1E7A4F7556}") = "NSSLServer.Tests", "NSSLServer.Tests\NSSLServer.Tests.csproj", "{A27AB456-62D8-4A1E-A80F-3B8D4C7642C2}"
EndProject
Project("{9A19103F-16F7-4668-BE54-9A1E7A4F7556}") = "NSSLServer.Plugin.Shoppinglist", "NSSLServer.Plugin.Shoppinglist\NSSLServer.Plugin.Shoppinglist.csproj", "{6CAAD79A-5371-41DB-A0CF-D63FB0C901EC}"
EndProject
Project("{9A19103F-16F7-4668-BE54-9A1E7A4F7556}") = "NSSLServer.Plugin.Userhandling", "NSSLServer.Plugin.Userhanlding\NSSLServer.Plugin.Userhandling.csproj", "{10CA2DD3-F880-4FF0-83AC-75A7EFF6BD30}"
EndProject
Project("{9A19103F-16F7-4668-BE54-9A1E7A4F7556}") = "NSSLServer.Plugin.InitializationHelper", "NSSLServer.Plugin.InitializationHelper\NSSLServer.Plugin.InitializationHelper.csproj", "{9BCE9C39-6D97-4F7D-8096-AA4CCEAD82C7}"
EndProject
Project("{9A19103F-16F7-4668-BE54-9A1E7A4F7556}") = "NSSLServer.Plugin.Recipes", "NSSLServer.Plugin.Recipes\NSSLServer.Plugin.Recipes.csproj", "{13757F72-95D3-42C8-BFE7-286CA7947423}"
EndProject
Project("{9A19103F-16F7-4668-BE54-9A1E7A4F7556}") = "NSSLServer.Plugin.OpenFoodFacts", "NSSLServer.Plugin.OpenFoodFacts\NSSLServer.Plugin.OpenFoodFacts.csproj", "{4E1CE84B-5544-4F17-B027-C5EDE3351928}"
EndProject
Project("{9A19103F-16F7-4668-BE54-9A1E7A4F7556}") = "NSSLServer.Plugin.Products.Core", "NSSLServer.Plugin.Products.Core\NSSLServer.Plugin.Products.Core.csproj", "{4F9ACA82-85A8-44AE-9428-64E483075465}"
EndProject
Project("{9A19103F-16F7-4668-BE54-9A1E7A4F7556}") = "NSSLServer.Plugin.Webapp", "NSSLServer.Plugin.Webapp\NSSLServer.Plugin.Webapp.csproj", "{5E6C7393-B1AB-4D4D-83BB-B3B7D2351FDE}"
EndProject
Global
	GlobalSection(SolutionConfigurationPlatforms) = preSolution
		Debug|Any CPU = Debug|Any CPU
		Release|Any CPU = Release|Any CPU
	EndGlobalSection
	GlobalSection(ProjectConfigurationPlatforms) = postSolution
		{492180CB-E065-4E9B-A7CD-9B6CA3BA1FA4}.Debug|Any CPU.ActiveCfg = Debug|Any CPU
		{492180CB-E065-4E9B-A7CD-9B6CA3BA1FA4}.Debug|Any CPU.Build.0 = Debug|Any CPU
		{492180CB-E065-4E9B-A7CD-9B6CA3BA1FA4}.Release|Any CPU.ActiveCfg = Release|Any CPU
		{492180CB-E065-4E9B-A7CD-9B6CA3BA1FA4}.Release|Any CPU.Build.0 = Release|Any CPU
		{4D8CBDAA-C18B-4700-B6FC-ABDC1E4D423B}.Debug|Any CPU.ActiveCfg = Debug|Any CPU
		{4D8CBDAA-C18B-4700-B6FC-ABDC1E4D423B}.Debug|Any CPU.Build.0 = Debug|Any CPU
		{4D8CBDAA-C18B-4700-B6FC-ABDC1E4D423B}.Release|Any CPU.ActiveCfg = Release|Any CPU
		{4D8CBDAA-C18B-4700-B6FC-ABDC1E4D423B}.Release|Any CPU.Build.0 = Release|Any CPU
		{C8E63A3C-124F-428E-896D-D8BE6F57A88F}.Debug|Any CPU.ActiveCfg = Debug|Any CPU
		{C8E63A3C-124F-428E-896D-D8BE6F57A88F}.Debug|Any CPU.Build.0 = Debug|Any CPU
		{C8E63A3C-124F-428E-896D-D8BE6F57A88F}.Release|Any CPU.ActiveCfg = Release|Any CPU
		{C8E63A3C-124F-428E-896D-D8BE6F57A88F}.Release|Any CPU.Build.0 = Release|Any CPU
		{7AA6E090-4F12-46AD-AC31-F39C3E8C6958}.Debug|Any CPU.ActiveCfg = Debug|Any CPU
		{7AA6E090-4F12-46AD-AC31-F39C3E8C6958}.Debug|Any CPU.Build.0 = Debug|Any CPU
		{7AA6E090-4F12-46AD-AC31-F39C3E8C6958}.Release|Any CPU.ActiveCfg = Release|Any CPU
		{7AA6E090-4F12-46AD-AC31-F39C3E8C6958}.Release|Any CPU.Build.0 = Release|Any CPU
		{A7C017B3-CE45-45FB-B4E0-150776F242AE}.Debug|Any CPU.ActiveCfg = Debug|Any CPU
		{A7C017B3-CE45-45FB-B4E0-150776F242AE}.Debug|Any CPU.Build.0 = Debug|Any CPU
		{A7C017B3-CE45-45FB-B4E0-150776F242AE}.Release|Any CPU.ActiveCfg = Release|Any CPU
		{A7C017B3-CE45-45FB-B4E0-150776F242AE}.Release|Any CPU.Build.0 = Release|Any CPU
		{A27AB456-62D8-4A1E-A80F-3B8D4C7642C2}.Debug|Any CPU.ActiveCfg = Debug|Any CPU
		{A27AB456-62D8-4A1E-A80F-3B8D4C7642C2}.Debug|Any CPU.Build.0 = Debug|Any CPU
		{A27AB456-62D8-4A1E-A80F-3B8D4C7642C2}.Release|Any CPU.ActiveCfg = Release|Any CPU
		{A27AB456-62D8-4A1E-A80F-3B8D4C7642C2}.Release|Any CPU.Build.0 = Release|Any CPU
		{6CAAD79A-5371-41DB-A0CF-D63FB0C901EC}.Debug|Any CPU.ActiveCfg = Debug|Any CPU
		{6CAAD79A-5371-41DB-A0CF-D63FB0C901EC}.Debug|Any CPU.Build.0 = Debug|Any CPU
		{6CAAD79A-5371-41DB-A0CF-D63FB0C901EC}.Release|Any CPU.ActiveCfg = Release|Any CPU
		{6CAAD79A-5371-41DB-A0CF-D63FB0C901EC}.Release|Any CPU.Build.0 = Release|Any CPU
		{10CA2DD3-F880-4FF0-83AC-75A7EFF6BD30}.Debug|Any CPU.ActiveCfg = Debug|Any CPU
		{10CA2DD3-F880-4FF0-83AC-75A7EFF6BD30}.Debug|Any CPU.Build.0 = Debug|Any CPU
		{10CA2DD3-F880-4FF0-83AC-75A7EFF6BD30}.Release|Any CPU.ActiveCfg = Release|Any CPU
		{10CA2DD3-F880-4FF0-83AC-75A7EFF6BD30}.Release|Any CPU.Build.0 = Release|Any CPU
		{9BCE9C39-6D97-4F7D-8096-AA4CCEAD82C7}.Debug|Any CPU.ActiveCfg = Debug|Any CPU
		{9BCE9C39-6D97-4F7D-8096-AA4CCEAD82C7}.Debug|Any CPU.Build.0 = Debug|Any CPU
		{9BCE9C39-6D97-4F7D-8096-AA4CCEAD82C7}.Release|Any CPU.ActiveCfg = Release|Any CPU
		{9BCE9C39-6D97-4F7D-8096-AA4CCEAD82C7}.Release|Any CPU.Build.0 = Release|Any CPU
		{13757F72-95D3-42C8-BFE7-286CA7947423}.Debug|Any CPU.ActiveCfg = Debug|Any CPU
		{13757F72-95D3-42C8-BFE7-286CA7947423}.Debug|Any CPU.Build.0 = Debug|Any CPU
		{13757F72-95D3-42C8-BFE7-286CA7947423}.Release|Any CPU.ActiveCfg = Release|Any CPU
		{13757F72-95D3-42C8-BFE7-286CA7947423}.Release|Any CPU.Build.0 = Release|Any CPU
		{4E1CE84B-5544-4F17-B027-C5EDE3351928}.Debug|Any CPU.ActiveCfg = Debug|Any CPU
		{4E1CE84B-5544-4F17-B027-C5EDE3351928}.Debug|Any CPU.Build.0 = Debug|Any CPU
		{4E1CE84B-5544-4F17-B027-C5EDE3351928}.Release|Any CPU.ActiveCfg = Release|Any CPU
		{4E1CE84B-5544-4F17-B027-C5EDE3351928}.Release|Any CPU.Build.0 = Release|Any CPU
		{4F9ACA82-85A8-44AE-9428-64E483075465}.Debug|Any CPU.ActiveCfg = Debug|Any CPU
		{4F9ACA82-85A8-44AE-9428-64E483075465}.Debug|Any CPU.Build.0 = Debug|Any CPU
		{4F9ACA82-85A8-44AE-9428-64E483075465}.Release|Any CPU.ActiveCfg = Release|Any CPU
		{4F9ACA82-85A8-44AE-9428-64E483075465}.Release|Any CPU.Build.0 = Release|Any CPU
		{5E6C7393-B1AB-4D4D-83BB-B3B7D2351FDE}.Debug|Any CPU.ActiveCfg = Debug|Any CPU
		{5E6C7393-B1AB-4D4D-83BB-B3B7D2351FDE}.Debug|Any CPU.Build.0 = Debug|Any CPU
		{5E6C7393-B1AB-4D4D-83BB-B3B7D2351FDE}.Release|Any CPU.ActiveCfg = Release|Any CPU
		{5E6C7393-B1AB-4D4D-83BB-B3B7D2351FDE}.Release|Any CPU.Build.0 = Release|Any CPU
	EndGlobalSection
	GlobalSection(SolutionProperties) = preSolution
		HideSolutionNode = FALSE
	EndGlobalSection
	GlobalSection(ExtensibilityGlobals) = postSolution
		SolutionGuid = {553F488A-799E-4639-8653-1635B9BDA54B}
	EndGlobalSection
	GlobalSection(Performance) = preSolution
		HasPerformanceSessions = true
	EndGlobalSection
EndGlobal
